
Microsoft Visual Studio Solution File, Format Version 12.00
# Visual Studio Version 17
VisualStudioVersion = 17.4.33110.190
MinimumVisualStudioVersion = 10.0.40219.1
Project("{8BC9CEB8-8B4A-11D0-8D11-00A0C91BC942}") = "GymManagerGui", "GymManagerGui.vcxproj", "{FCAE9A25-A496-4A38-9002-F5618C9B42E5}"
EndProject
Global
	GlobalSection(SolutionConfigurationPlatforms) = preSolution
		Debug|x64 = Debug|x64
		Debug|x86 = Debug|x86
		Release|x64 = Release|x64
		Release|x86 = Release|x86
	EndGlobalSection
	GlobalSection(ProjectConfigurationPlatforms) = postSolution
		{FCAE9A25-A496-4A38-9002-F5618C9B42E5}.Debug|x64.ActiveCfg = Debug|x64
		{FCAE9A25-A496-4A38-9002-F5618C9B42E5}.Debug|x64.Build.0 = Debug|x64
		{FCAE9A25-A496-4A38-9002-F5618C9B42E5}.Debug|x86.ActiveCfg = Debug|Win32
		{FCAE9A25-A496-4A38-9002-F5618C9B42E5}.Debug|x86.Build.0 = Debug|Win32
		{FCAE9A25-A496-4A38-9002-F5618C9B42E5}.Release|x64.ActiveCfg = Release|x64
		{FCAE9A25-A496-4A38-9002-F5618C9B42E5}.Release|x64.Build.0 = Release|x64
		{FCAE9A25-A496-4A38-9002-F5618C9B42E5}.Release|x86.ActiveCfg = Release|Win32
		{FCAE9A25-A496-4A38-9002-F5618C9B42E5}.Release|x86.Build.0 = Release|Win32
	EndGlobalSection
	GlobalSection(SolutionProperties) = preSolution
		HideSolutionNode = FALSE
	EndGlobalSection
	GlobalSection(ExtensibilityGlobals) = postSolution
		SolutionGuid = {78CC2823-12CA-45EC-9EB0-62D16F4503DF}
	EndGlobalSection
EndGlobal
